
Microsoft Visual Studio Solution File, Format Version 12.00
# Visual Studio Version 17
VisualStudioVersion = 17.3.32825.248
MinimumVisualStudioVersion = 10.0.40219.1
Project("{FAE04EC0-301F-11D3-BF4B-00C04F79EFBC}") = "Bookshop", "Bookshop.csproj", "{A09239FE-DE72-49A6-A09F-394B4CF2BD1A}"
EndProject
Global
	GlobalSection(SolutionConfigurationPlatforms) = preSolution
		Debug|Any CPU = Debug|Any CPU
		Release|Any CPU = Release|Any CPU
	EndGlobalSection
	GlobalSection(ProjectConfigurationPlatforms) = postSolution
		{A09239FE-DE72-49A6-A09F-394B4CF2BD1A}.Debug|Any CPU.ActiveCfg = Debug|Any CPU
		{A09239FE-DE72-49A6-A09F-394B4CF2BD1A}.Debug|Any CPU.Build.0 = Debug|Any CPU
		{A09239FE-DE72-49A6-A09F-394B4CF2BD1A}.Release|Any CPU.ActiveCfg = Release|Any CPU
		{A09239FE-DE72-49A6-A09F-394B4CF2BD1A}.Release|Any CPU.Build.0 = Release|Any CPU
	EndGlobalSection
	GlobalSection(SolutionProperties) = preSolution
		HideSolutionNode = FALSE
	EndGlobalSection
	GlobalSection(ExtensibilityGlobals) = postSolution
		SolutionGuid = {E01CE53C-787D-4B31-876A-0A8A1004A1F1}
	EndGlobalSection
EndGlobal
